
Microsoft Visual Studio Solution File, Format Version 12.00
# Visual Studio 14
VisualStudioVersion = 14.0.25420.1
MinimumVisualStudioVersion = 10.0.40219.1
Project("{FAE04EC0-301F-11D3-BF4B-00C04F79EFBC}") = "KnockoutCRUD.Web", "KnockoutCRUD.Web\KnockoutCRUD.Web.csproj", "{43C005EC-7D53-400C-8963-829EE507EC4E}"
EndProject
Project("{FAE04EC0-301F-11D3-BF4B-00C04F79EFBC}") = "KnockoutCRUD.Data", "KnockoutCRUD.Data\KnockoutCRUD.Data.csproj", "{879251AE-0CBB-4011-91E0-96F694EE01C9}"
EndProject
Project("{FAE04EC0-301F-11D3-BF4B-00C04F79EFBC}") = "KnockoutCRUD.Core", "KnockoutCRUD.Core\KnockoutCRUD.Core.csproj", "{A5F34DB2-CAA1-464E-B203-3A2C9FEBCE5D}"
EndProject
Global
	GlobalSection(SolutionConfigurationPlatforms) = preSolution
		Debug|Any CPU = Debug|Any CPU
		Release|Any CPU = Release|Any CPU
	EndGlobalSection
	GlobalSection(ProjectConfigurationPlatforms) = postSolution
		{43C005EC-7D53-400C-8963-829EE507EC4E}.Debug|Any CPU.ActiveCfg = Debug|Any CPU
		{43C005EC-7D53-400C-8963-829EE507EC4E}.Debug|Any CPU.Build.0 = Debug|Any CPU
		{43C005EC-7D53-400C-8963-829EE507EC4E}.Release|Any CPU.ActiveCfg = Release|Any CPU
		{43C005EC-7D53-400C-8963-829EE507EC4E}.Release|Any CPU.Build.0 = Release|Any CPU
		{879251AE-0CBB-4011-91E0-96F694EE01C9}.Debug|Any CPU.ActiveCfg = Debug|Any CPU
		{879251AE-0CBB-4011-91E0-96F694EE01C9}.Debug|Any CPU.Build.0 = Debug|Any CPU
		{879251AE-0CBB-4011-91E0-96F694EE01C9}.Release|Any CPU.ActiveCfg = Release|Any CPU
		{879251AE-0CBB-4011-91E0-96F694EE01C9}.Release|Any CPU.Build.0 = Release|Any CPU
		{A5F34DB2-CAA1-464E-B203-3A2C9FEBCE5D}.Debug|Any CPU.ActiveCfg = Debug|Any CPU
		{A5F34DB2-CAA1-464E-B203-3A2C9FEBCE5D}.Debug|Any CPU.Build.0 = Debug|Any CPU
		{A5F34DB2-CAA1-464E-B203-3A2C9FEBCE5D}.Release|Any CPU.ActiveCfg = Release|Any CPU
		{A5F34DB2-CAA1-464E-B203-3A2C9FEBCE5D}.Release|Any CPU.Build.0 = Release|Any CPU
	EndGlobalSection
	GlobalSection(SolutionProperties) = preSolution
		HideSolutionNode = FALSE
	EndGlobalSection
EndGlobal
